schema: '2.0'
stages:
  data_ingestion:
    cmd: python src/data_ingestion.py
    deps:
    - path: src/data_ingestion.py
      hash: md5
      md5: 413887dfe9479aa22a609715c874f3bb
      size: 3751
    params:
      params.yaml:
        data_ingestion.test_size: 0.3
    outs:
    - path: data/raw
      hash: md5
      md5: e054221ae54f3324292bf2b528e8dd02.dir
      size: 443700
      nfiles: 2
  data_preprocessing:
    cmd: python src/data_preprocessing.py
    deps:
    - path: data/raw
      hash: md5
      md5: e054221ae54f3324292bf2b528e8dd02.dir
      size: 443700
      nfiles: 2
    - path: src/data_preprocessing.py
      hash: md5
      md5: ae0059b79590609927f72e3c373f1865
      size: 3973
    outs:
    - path: data/interim
      hash: md5
      md5: 315f3f7836cab6d68d264ede82d1310d.dir
      size: 254243
      nfiles: 2
  feature_engineering:
    cmd: python src/feature_engineering.py
    deps:
    - path: data/interim
      hash: md5
      md5: 315f3f7836cab6d68d264ede82d1310d.dir
      size: 254243
      nfiles: 2
    - path: src/feature_engineering.py
      hash: md5
      md5: a47922b093affb24aae469fe4e150a4c
      size: 3902
    params:
      params.yaml:
        feature_engineering.max_features: 45
    outs:
    - path: data/processed
      hash: md5
      md5: 5f604880d6571e25e902274373708684.dir
      size: 1047933
      nfiles: 2
  model_building:
    cmd: python src/model_building.py
    deps:
    - path: data/processed
      hash: md5
      md5: 5f604880d6571e25e902274373708684.dir
      size: 1047933
      nfiles: 2
    - path: src/model_building.py
      hash: md5
      md5: ce793c10fb8f1c0fdb306975ae7f3d10
      size: 4488
    params:
      params.yaml:
        model_building.n_estimators: 30
        model_building.random_state: 42
    outs:
    - path: models/model.pkl
      hash: md5
      md5: ac7afd0f568987f983092da72c2ca534
      size: 1002487
  model_evaluation:
    cmd: python src/model_evaluation.py
    deps:
    - path: models/model.pkl
      hash: md5
      md5: ac7afd0f568987f983092da72c2ca534
      size: 1002487
    - path: src/model_evaluation.py
      hash: md5
      md5: 14fb05f13cf4cb7eb6300e09df36ad18
      size: 3633
    outs:
    - path: reports/metrics.json
      hash: md5
      md5: 873c8ddc5d711a0d777a7537e3953ca3
      size: 145
